
Microsoft Visual Studio Solution File, Format Version 12.00
# Visual Studio Version 17
VisualStudioVersion = 17.11.35312.102
MinimumVisualStudioVersion = 10.0.40219.1
Project("{FAE04EC0-301F-11D3-BF4B-00C04F79EFBC}") = "AcunmedyaAkademiPortfolio", "AcunmedyaAkademiPortfolio\AcunmedyaAkademiPortfolio.csproj", "{B5CA24D7-A66B-4195-B132-8C0871AB2F4A}"
EndProject
Global
	GlobalSection(SolutionConfigurationPlatforms) = preSolution
		Debug|Any CPU = Debug|Any CPU
		Release|Any CPU = Release|Any CPU
	EndGlobalSection
	GlobalSection(ProjectConfigurationPlatforms) = postSolution
		{B5CA24D7-A66B-4195-B132-8C0871AB2F4A}.Debug|Any CPU.ActiveCfg = Debug|Any CPU
		{B5CA24D7-A66B-4195-B132-8C0871AB2F4A}.Debug|Any CPU.Build.0 = Debug|Any CPU
		{B5CA24D7-A66B-4195-B132-8C0871AB2F4A}.Release|Any CPU.ActiveCfg = Release|Any CPU
		{B5CA24D7-A66B-4195-B132-8C0871AB2F4A}.Release|Any CPU.Build.0 = Release|Any CPU
	EndGlobalSection
	GlobalSection(SolutionProperties) = preSolution
		HideSolutionNode = FALSE
	EndGlobalSection
	GlobalSection(ExtensibilityGlobals) = postSolution
		SolutionGuid = {1F4CF3D8-24E8-4255-BB50-B4F4CEA8F08B}
	EndGlobalSection
EndGlobal
